
Microsoft Visual Studio Solution File, Format Version 12.00
# Visual Studio Version 17
VisualStudioVersion = 17.14.36518.9 d17.14
MinimumVisualStudioVersion = 10.0.40219.1
Project("{FAE04EC0-301F-11D3-BF4B-00C04F79EFBC}") = "CET2007_Week3_Workshop", "CET2007_Week3_Workshop\CET2007_Week3_Workshop.csproj", "{C40A7625-EA83-40B7-BE9B-F1A144F721BE}"
EndProject
Global
	GlobalSection(SolutionConfigurationPlatforms) = preSolution
		Debug|Any CPU = Debug|Any CPU
		Release|Any CPU = Release|Any CPU
	EndGlobalSection
	GlobalSection(ProjectConfigurationPlatforms) = postSolution
		{C40A7625-EA83-40B7-BE9B-F1A144F721BE}.Debug|Any CPU.ActiveCfg = Debug|Any CPU
		{C40A7625-EA83-40B7-BE9B-F1A144F721BE}.Debug|Any CPU.Build.0 = Debug|Any CPU
		{C40A7625-EA83-40B7-BE9B-F1A144F721BE}.Release|Any CPU.ActiveCfg = Release|Any CPU
		{C40A7625-EA83-40B7-BE9B-F1A144F721BE}.Release|Any CPU.Build.0 = Release|Any CPU
	EndGlobalSection
	GlobalSection(SolutionProperties) = preSolution
		HideSolutionNode = FALSE
	EndGlobalSection
	GlobalSection(ExtensibilityGlobals) = postSolution
		SolutionGuid = {D100C516-D5EF-4851-8A3D-44CF5D462250}
	EndGlobalSection
EndGlobal
